
Microsoft Visual Studio Solution File, Format Version 12.00
# Visual Studio 15
VisualStudioVersion = 15.0.28307.421
MinimumVisualStudioVersion = 10.0.40219.1
Project("{9A19103F-16F7-4668-BE54-9A1E7A4F7556}") = "SawanSecsDll", "SawanSecsDll\SawanSecsDll.csproj", "{38EEF3BD-6216-41A6-97E4-02529B36B307}"
EndProject
Project("{FAE04EC0-301F-11D3-BF4B-00C04F79EFBC}") = "TestForm", "TestForm\TestForm.csproj", "{7C0BC265-517B-41D1-8623-FC87ED1A29DD}"
	ProjectSection(ProjectDependencies) = postProject
		{38EEF3BD-6216-41A6-97E4-02529B36B307} = {38EEF3BD-6216-41A6-97E4-02529B36B307}
	EndProjectSection
EndProject
Global
	GlobalSection(SolutionConfigurationPlatforms) = preSolution
		Debug|Any CPU = Debug|Any CPU
		Release|Any CPU = Release|Any CPU
	EndGlobalSection
	GlobalSection(ProjectConfigurationPlatforms) = postSolution
		{38EEF3BD-6216-41A6-97E4-02529B36B307}.Debug|Any CPU.ActiveCfg = Debug|Any CPU
		{38EEF3BD-6216-41A6-97E4-02529B36B307}.Debug|Any CPU.Build.0 = Debug|Any CPU
		{38EEF3BD-6216-41A6-97E4-02529B36B307}.Release|Any CPU.ActiveCfg = Release|Any CPU
		{38EEF3BD-6216-41A6-97E4-02529B36B307}.Release|Any CPU.Build.0 = Release|Any CPU
		{7C0BC265-517B-41D1-8623-FC87ED1A29DD}.Debug|Any CPU.ActiveCfg = Debug|Any CPU
		{7C0BC265-517B-41D1-8623-FC87ED1A29DD}.Debug|Any CPU.Build.0 = Debug|Any CPU
		{7C0BC265-517B-41D1-8623-FC87ED1A29DD}.Release|Any CPU.ActiveCfg = Release|Any CPU
		{7C0BC265-517B-41D1-8623-FC87ED1A29DD}.Release|Any CPU.Build.0 = Release|Any CPU
	EndGlobalSection
	GlobalSection(SolutionProperties) = preSolution
		HideSolutionNode = FALSE
	EndGlobalSection
	GlobalSection(ExtensibilityGlobals) = postSolution
		SolutionGuid = {53D25F88-2304-4AE6-960D-1A99591C916B}
	EndGlobalSection
EndGlobal
